PODS:
  - TPExIdentityCardOCR (1.0.3)

DEPENDENCIES:
  - TPExIdentityCardOCR (from `../`)

EXTERNAL SOURCES:
  TPExIdentityCardOCR:
    :path: ../

SPEC CHECKSUMS:
  TPExIdentityCardOCR: f4da443427f64acb78d5bf9da48fb4add894e65c

PODFILE CHECKSUM: c9aa38bb10aab77faf2fb5d731512c1278172eb5

COCOAPODS: 1.1.1
