PODS:
  - TPExIdentityCardOCR (1.0.8)

DEPENDENCIES:
  - TPExIdentityCardOCR (from `../`)

EXTERNAL SOURCES:
  TPExIdentityCardOCR:
    :path: ../

SPEC CHECKSUMS:
  TPExIdentityCardOCR: 40a813c5022ad9781c552b91c55c0d8c667edf62

PODFILE CHECKSUM: c9aa38bb10aab77faf2fb5d731512c1278172eb5

COCOAPODS: 1.2.0
