PODS:
  - TPExIdentityCardOCR (1.0.2)

DEPENDENCIES:
  - TPExIdentityCardOCR (from `../`)

EXTERNAL SOURCES:
  TPExIdentityCardOCR:
    :path: ../

SPEC CHECKSUMS:
  TPExIdentityCardOCR: a10dafcd301f32a58133a304580ddbade921c554

PODFILE CHECKSUM: c9aa38bb10aab77faf2fb5d731512c1278172eb5

COCOAPODS: 1.1.1
